# This file is automatically @generated by Cargo.
# It is not intended for manual editing.
version = 4

[[package]]
name = "rearguard-core"
version = "0.0.0"

[[package]]
name = "rearguard-godot"
version = "0.0.0"
dependencies = [
 "rearguard-core",
]

[[package]]
name = "rearguard-server"
version = "0.0.0"
dependencies = [
 "rearguard-core",
]

[[package]]
name = "rearguard-sim"
version = "0.0.0"
dependencies = [
 "rearguard-core",
]
